
Microsoft Visual Studio Solution File, Format Version 12.00
# Visual Studio Version 16
VisualStudioVersion = 16.0.29306.81
MinimumVisualStudioVersion = 10.0.40219.1
Project("{FAE04EC0-301F-11D3-BF4B-00C04F79EFBC}") = "Vidly", "Vidly\Vidly.csproj", "{937BF47F-4927-4A05-B12B-185D23A8DDB8}"
EndProject
Global
	GlobalSection(SolutionConfigurationPlatforms) = preSolution
		Debug|Any CPU = Debug|Any CPU
		Release|Any CPU = Release|Any CPU
	EndGlobalSection
	GlobalSection(ProjectConfigurationPlatforms) = postSolution
		{937BF47F-4927-4A05-B12B-185D23A8DDB8}.Debug|Any CPU.ActiveCfg = Debug|Any CPU
		{937BF47F-4927-4A05-B12B-185D23A8DDB8}.Debug|Any CPU.Build.0 = Debug|Any CPU
		{937BF47F-4927-4A05-B12B-185D23A8DDB8}.Release|Any CPU.ActiveCfg = Release|Any CPU
		{937BF47F-4927-4A05-B12B-185D23A8DDB8}.Release|Any CPU.Build.0 = Release|Any CPU
	EndGlobalSection
	GlobalSection(SolutionProperties) = preSolution
		HideSolutionNode = FALSE
	EndGlobalSection
	GlobalSection(ExtensibilityGlobals) = postSolution
		SolutionGuid = {86F77441-90D6-48C8-95E7-EBCBF00A40C4}
	EndGlobalSection
EndGlobal
